PODS:
  - Alamofire (5.7.1)
  - KakaoSDKAuth (2.15.0):
    - KakaoSDKCommon (= 2.15.0)
  - KakaoSDKCommon (2.15.0):
    - KakaoSDKCommon/Common (= 2.15.0)
    - KakaoSDKCommon/Network (= 2.15.0)
  - KakaoSDKCommon/Common (2.15.0)
  - KakaoSDKCommon/Network (2.15.0):
    - Alamofire (~> 5.1)
    - KakaoSDKCommon/Common (= 2.15.0)
  - KakaoSDKUser (2.15.0):
    - KakaoSDKAuth (= 2.15.0)
  - Kingfisher (7.6.2)
  - naveridlogin-sdk-ios (4.1.6)

DEPENDENCIES:
  - Alamofire
  - KakaoSDKAuth
  - KakaoSDKCommon
  - KakaoSDKUser
  - Kingfisher (~> 7.6.2)
  - naveridlogin-sdk-ios

SPEC REPOS:
  trunk:
    - Alamofire
    - KakaoSDKAuth
    - KakaoSDKCommon
    - KakaoSDKUser
    - Kingfisher
    - naveridlogin-sdk-ios

SPEC CHECKSUMS:
  Alamofire: 0123a34370cb170936ae79a8df46cc62b2edeb88
  KakaoSDKAuth: 0fe5cf1756e8a9f66f8fc77826061aafa93034f3
  KakaoSDKCommon: 89d863b7f34398e6fb93a0acb28a204908551a39
  KakaoSDKUser: a997ca5c4c18ece2ab30646ff74841bc29d4399d
  Kingfisher: 6c5449c6450c5239166510ba04afe374a98afc4f
  naveridlogin-sdk-ios: cdd34e3585a3d5aaf37c1d84c1f41faba4a25d1a

PODFILE CHECKSUM: 34ee32bfc3b109d35c203d19ccef96f39da7559f

COCOAPODS: 1.12.1
